
Microsoft Visual Studio Solution File, Format Version 12.00
# Visual Studio Version 18
VisualStudioVersion = 18.1.11312.151
MinimumVisualStudioVersion = 10.0.40219.1
Project("{FAE04EC0-301F-11D3-BF4B-00C04F79EFBC}") = "WebRedirector", "WebRedirector.csproj", "{2AFCD085-E8FF-D4C4-1FEB-A9B26DB63118}"
EndProject
Global
	GlobalSection(SolutionConfigurationPlatforms) = preSolution
		Debug|Any CPU = Debug|Any CPU
		Release|Any CPU = Release|Any CPU
	EndGlobalSection
	GlobalSection(ProjectConfigurationPlatforms) = postSolution
		{2AFCD085-E8FF-D4C4-1FEB-A9B26DB63118}.Debug|Any CPU.ActiveCfg = Debug|Any CPU
		{2AFCD085-E8FF-D4C4-1FEB-A9B26DB63118}.Debug|Any CPU.Build.0 = Debug|Any CPU
		{2AFCD085-E8FF-D4C4-1FEB-A9B26DB63118}.Release|Any CPU.ActiveCfg = Release|Any CPU
		{2AFCD085-E8FF-D4C4-1FEB-A9B26DB63118}.Release|Any CPU.Build.0 = Release|Any CPU
	EndGlobalSection
	GlobalSection(SolutionProperties) = preSolution
		HideSolutionNode = FALSE
	EndGlobalSection
	GlobalSection(ExtensibilityGlobals) = postSolution
		SolutionGuid = {8C393E45-AA29-4C70-88B6-96DA9880524E}
	EndGlobalSection
EndGlobal
